// !$*UTF8*$!
{
	archiveVersion = 1;
	classes = {
	};
	objectVersion = 55;
	objects = {

/* Begin PBXBuildFile section */
		5306B9EA2787565200F08363 /* AppDelegate.swift in Sources */ = {isa = PBXBuildFile; fileRef = 5306B9E92787565200F08363 /* AppDelegate.swift */; };
		5306B9EC2787565200F08363 /* SceneDelegate.swift in Sources */ = {isa = PBXBuildFile; fileRef = 5306B9EB2787565200F08363 /* SceneDelegate.swift */; };
		5306B9EE2787565200F08363 /* VenueListViewController.swift in Sources */ = {isa = PBXBuildFile; fileRef = 5306B9ED2787565200F08363 /* VenueListViewController.swift */; };
		5306B9F12787565200F08363 /* Main.storyboard in Resources */ = {isa = PBXBuildFile; fileRef = 5306B9EF2787565200F08363 /* Main.storyboard */; };
		5306B9F32787565400F08363 /* Assets.xcassets in Resources */ = {isa = PBXBuildFile; fileRef = 5306B9F22787565400F08363 /* Assets.xcassets */; };
		5306B9F62787565400F08363 /* LaunchScreen.storyboard in Resources */ = {isa = PBXBuildFile; fileRef = 5306B9F42787565400F08363 /* LaunchScreen.storyboard */; };
		539C259C278CF29900F65DD1 /* DataRequest.swift in Sources */ = {isa = PBXBuildFile; fileRef = 539C259B278CF29900F65DD1 /* DataRequest.swift */; };
		539C259E278CF70D00F65DD1 /* NetworkService.swift in Sources */ = {isa = PBXBuildFile; fileRef = 539C259D278CF70D00F65DD1 /* NetworkService.swift */; };
		539C25A0278CF84F00F65DD1 /* CustomErrors.swift in Sources */ = {isa = PBXBuildFile; fileRef = 539C259F278CF84F00F65DD1 /* CustomErrors.swift */; };
		539C25A4278CFEF000F65DD1 /* String+Extension.swift in Sources */ = {isa = PBXBuildFile; fileRef = 539C25A3278CFEF000F65DD1 /* String+Extension.swift */; };
		539C25AB2794CD4200F65DD1 /* GetVenuesRequest.swift in Sources */ = {isa = PBXBuildFile; fileRef = 539C25AA2794CD4100F65DD1 /* GetVenuesRequest.swift */; };
		539C25AD2794CD9E00F65DD1 /* NetworkConstants.swift in Sources */ = {isa = PBXBuildFile; fileRef = 539C25AC2794CD9E00F65DD1 /* NetworkConstants.swift */; };
		539C25B02794DB4E00F65DD1 /* VenuesResponse.swift in Sources */ = {isa = PBXBuildFile; fileRef = 539C25AF2794DB4E00F65DD1 /* VenuesResponse.swift */; };
		539C25B22794EBCC00F65DD1 /* Codable+Extension.swift in Sources */ = {isa = PBXBuildFile; fileRef = 539C25B12794EBCC00F65DD1 /* Codable+Extension.swift */; };
/* End PBXBuildFile section */

/* Begin PBXFileReference section */
		5306B9E62787565200F08363 /* VenuesNearMe.app */ = {isa = PBXFileReference; explicitFileType = wrapper.application; includeInIndex = 0; path = VenuesNearMe.app; sourceTree = BUILT_PRODUCTS_DIR; };
		5306B9E92787565200F08363 /* AppDelegate.swift */ = {isa = PBXFileReference; lastKnownFileType = sourcecode.swift; path = AppDelegate.swift; sourceTree = "<group>"; };
		5306B9EB2787565200F08363 /* SceneDelegate.swift */ = {isa = PBXFileReference; lastKnownFileType = sourcecode.swift; path = SceneDelegate.swift; sourceTree = "<group>"; };
		5306B9ED2787565200F08363 /* VenueListViewController.swift */ = {isa = PBXFileReference; lastKnownFileType = sourcecode.swift; path = VenueListViewController.swift; sourceTree = "<group>"; };
		5306B9F02787565200F08363 /* Base */ = {isa = PBXFileReference; lastKnownFileType = file.storyboard; name = Base; path = Base.lproj/Main.storyboard; sourceTree = "<group>"; };
		5306B9F22787565400F08363 /* Assets.xcassets */ = {isa = PBXFileReference; lastKnownFileType = folder.assetcatalog; path = Assets.xcassets; sourceTree = "<group>"; };
		5306B9F52787565400F08363 /* Base */ = {isa = PBXFileReference; lastKnownFileType = file.storyboard; name = Base; path = Base.lproj/LaunchScreen.storyboard; sourceTree = "<group>"; };
		5306B9F72787565400F08363 /* Info.plist */ = {isa = PBXFileReference; lastKnownFileType = text.plist.xml; path = Info.plist; sourceTree = "<group>"; };
		539C259B278CF29900F65DD1 /* DataRequest.swift */ = {isa = PBXFileReference; lastKnownFileType = sourcecode.swift; path = DataRequest.swift; sourceTree = "<group>"; };
		539C259D278CF70D00F65DD1 /* NetworkService.swift */ = {isa = PBXFileReference; lastKnownFileType = sourcecode.swift; path = NetworkService.swift; sourceTree = "<group>"; };
		539C259F278CF84F00F65DD1 /* CustomErrors.swift */ = {isa = PBXFileReference; lastKnownFileType = sourcecode.swift; path = CustomErrors.swift; sourceTree = "<group>"; };
		539C25A3278CFEF000F65DD1 /* String+Extension.swift */ = {isa = PBXFileReference; lastKnownFileType = sourcecode.swift; path = "String+Extension.swift"; sourceTree = "<group>"; };
		539C25AA2794CD4100F65DD1 /* GetVenuesRequest.swift */ = {isa = PBXFileReference; lastKnownFileType = sourcecode.swift; path = GetVenuesRequest.swift; sourceTree = "<group>"; };
		539C25AC2794CD9E00F65DD1 /* NetworkConstants.swift */ = {isa = PBXFileReference; lastKnownFileType = sourcecode.swift; path = NetworkConstants.swift; sourceTree = "<group>"; };
		539C25AF2794DB4E00F65DD1 /* VenuesResponse.swift */ = {isa = PBXFileReference; lastKnownFileType = sourcecode.swift; path = VenuesResponse.swift; sourceTree = "<group>"; };
		539C25B12794EBCC00F65DD1 /* Codable+Extension.swift */ = {isa = PBXFileReference; lastKnownFileType = sourcecode.swift; path = "Codable+Extension.swift"; sourceTree = "<group>"; };
/* End PBXFileReference section */

/* Begin PBXFrameworksBuildPhase section */
		5306B9E32787565200F08363 /* Frameworks */ = {
			isa = PBXFrameworksBuildPhase;
			buildActionMask = 2147483647;
			files = (
			);
			runOnlyForDeploymentPostprocessing = 0;
		};
/* End PBXFrameworksBuildPhase section */

/* Begin PBXGroup section */
		5306B9DD2787565200F08363 = {
			isa = PBXGroup;
			children = (
				5306B9E82787565200F08363 /* VenuesNearMe */,
				5306B9E72787565200F08363 /* Products */,
			);
			sourceTree = "<group>";
		};
		5306B9E72787565200F08363 /* Products */ = {
			isa = PBXGroup;
			children = (
				5306B9E62787565200F08363 /* VenuesNearMe.app */,
			);
			name = Products;
			sourceTree = "<group>";
		};
		5306B9E82787565200F08363 /* VenuesNearMe */ = {
			isa = PBXGroup;
			children = (
				539C25A1278CFED100F65DD1 /* Common */,
				539C259A278CF25000F65DD1 /* Networking */,
				539C2595278CE87100F65DD1 /* Presentation */,
				539C2594278CE7C700F65DD1 /* Resources */,
				539C2593278CE7B800F65DD1 /* Application */,
			);
			path = VenuesNearMe;
			sourceTree = "<group>";
		};
		539C2593278CE7B800F65DD1 /* Application */ = {
			isa = PBXGroup;
			children = (
				5306B9E92787565200F08363 /* AppDelegate.swift */,
				5306B9EB2787565200F08363 /* SceneDelegate.swift */,
			);
			path = Application;
			sourceTree = "<group>";
		};
		539C2594278CE7C700F65DD1 /* Resources */ = {
			isa = PBXGroup;
			children = (
				5306B9F42787565400F08363 /* LaunchScreen.storyboard */,
				5306B9F22787565400F08363 /* Assets.xcassets */,
				5306B9F72787565400F08363 /* Info.plist */,
			);
			path = Resources;
			sourceTree = "<group>";
		};
		539C2595278CE87100F65DD1 /* Presentation */ = {
			isa = PBXGroup;
			children = (
				539C2597278CEF4300F65DD1 /* VenueListing */,
			);
			path = Presentation;
			sourceTree = "<group>";
		};
		539C2597278CEF4300F65DD1 /* VenueListing */ = {
			isa = PBXGroup;
			children = (
				539C2599278CF0D200F65DD1 /* ViewModel */,
				539C2598278CF0CC00F65DD1 /* View */,
			);
			path = VenueListing;
			sourceTree = "<group>";
		};
		539C2598278CF0CC00F65DD1 /* View */ = {
			isa = PBXGroup;
			children = (
				5306B9EF2787565200F08363 /* Main.storyboard */,
				5306B9ED2787565200F08363 /* VenueListViewController.swift */,
			);
			path = View;
			sourceTree = "<group>";
		};
		539C2599278CF0D200F65DD1 /* ViewModel */ = {
			isa = PBXGroup;
			children = (
			);
			path = ViewModel;
			sourceTree = "<group>";
		};
		539C259A278CF25000F65DD1 /* Networking */ = {
			isa = PBXGroup;
			children = (
				539C25AE2794DB1A00F65DD1 /* ResponseModels */,
				539C25A92794CC4200F65DD1 /* Requests */,
				539C259B278CF29900F65DD1 /* DataRequest.swift */,
				539C259D278CF70D00F65DD1 /* NetworkService.swift */,
				539C259F278CF84F00F65DD1 /* CustomErrors.swift */,
				539C25AC2794CD9E00F65DD1 /* NetworkConstants.swift */,
			);
			path = Networking;
			sourceTree = "<group>";
		};
		539C25A1278CFED100F65DD1 /* Common */ = {
			isa = PBXGroup;
			children = (
				539C25A2278CFED900F65DD1 /* Extensions */,
			);
			path = Common;
			sourceTree = "<group>";
		};
		539C25A2278CFED900F65DD1 /* Extensions */ = {
			isa = PBXGroup;
			children = (
				539C25A3278CFEF000F65DD1 /* String+Extension.swift */,
				539C25B12794EBCC00F65DD1 /* Codable+Extension.swift */,
			);
			path = Extensions;
			sourceTree = "<group>";
		};
		539C25A92794CC4200F65DD1 /* Requests */ = {
			isa = PBXGroup;
			children = (
				539C25AA2794CD4100F65DD1 /* GetVenuesRequest.swift */,
			);
			path = Requests;
			sourceTree = "<group>";
		};
		539C25AE2794DB1A00F65DD1 /* ResponseModels */ = {
			isa = PBXGroup;
			children = (
				539C25AF2794DB4E00F65DD1 /* VenuesResponse.swift */,
			);
			path = ResponseModels;
			sourceTree = "<group>";
		};
/* End PBXGroup section */

/* Begin PBXNativeTarget section */
		5306B9E52787565200F08363 /* VenuesNearMe */ = {
			isa = PBXNativeTarget;
			buildConfigurationList = 5306B9FA2787565400F08363 /* Build configuration list for PBXNativeTarget "VenuesNearMe" */;
			buildPhases = (
				5306B9E22787565200F08363 /* Sources */,
				5306B9E32787565200F08363 /* Frameworks */,
				5306B9E42787565200F08363 /* Resources */,
			);
			buildRules = (
			);
			dependencies = (
			);
			name = VenuesNearMe;
			productName = VenuesNearMe;
			productReference = 5306B9E62787565200F08363 /* VenuesNearMe.app */;
			productType = "com.apple.product-type.application";
		};
/* End PBXNativeTarget section */

/* Begin PBXProject section */
		5306B9DE2787565200F08363 /* Project object */ = {
			isa = PBXProject;
			attributes = {
				BuildIndependentTargetsInParallel = 1;
				LastSwiftUpdateCheck = 1300;
				LastUpgradeCheck = 1300;
				TargetAttributes = {
					5306B9E52787565200F08363 = {
						CreatedOnToolsVersion = 13.0;
					};
				};
			};
			buildConfigurationList = 5306B9E12787565200F08363 /* Build configuration list for PBXProject "VenuesNearMe" */;
			compatibilityVersion = "Xcode 13.0";
			developmentRegion = en;
			hasScannedForEncodings = 0;
			knownRegions = (
				en,
				Base,
			);
			mainGroup = 5306B9DD2787565200F08363;
			productRefGroup = 5306B9E72787565200F08363 /* Products */;
			projectDirPath = "";
			projectRoot = "";
			targets = (
				5306B9E52787565200F08363 /* VenuesNearMe */,
			);
		};
/* End PBXProject section */

/* Begin PBXResourcesBuildPhase section */
		5306B9E42787565200F08363 /* Resources */ = {
			isa = PBXResourcesBuildPhase;
			buildActionMask = 2147483647;
			files = (
				5306B9F62787565400F08363 /* LaunchScreen.storyboard in Resources */,
				5306B9F32787565400F08363 /* Assets.xcassets in Resources */,
				5306B9F12787565200F08363 /* Main.storyboard in Resources */,
			);
			runOnlyForDeploymentPostprocessing = 0;
		};
/* End PBXResourcesBuildPhase section */

/* Begin PBXSourcesBuildPhase section */
		5306B9E22787565200F08363 /* Sources */ = {
			isa = PBXSourcesBuildPhase;
			buildActionMask = 2147483647;
			files = (
				539C25AD2794CD9E00F65DD1 /* NetworkConstants.swift in Sources */,
				539C25AB2794CD4200F65DD1 /* GetVenuesRequest.swift in Sources */,
				539C259E278CF70D00F65DD1 /* NetworkService.swift in Sources */,
				539C25A4278CFEF000F65DD1 /* String+Extension.swift in Sources */,
				539C25A0278CF84F00F65DD1 /* CustomErrors.swift in Sources */,
				5306B9EE2787565200F08363 /* VenueListViewController.swift in Sources */,
				539C25B02794DB4E00F65DD1 /* VenuesResponse.swift in Sources */,
				5306B9EA2787565200F08363 /* AppDelegate.swift in Sources */,
				5306B9EC2787565200F08363 /* SceneDelegate.swift in Sources */,
				539C25B22794EBCC00F65DD1 /* Codable+Extension.swift in Sources */,
				539C259C278CF29900F65DD1 /* DataRequest.swift in Sources */,
			);
			runOnlyForDeploymentPostprocessing = 0;
		};
/* End PBXSourcesBuildPhase section */

/* Begin PBXVariantGroup section */
		5306B9EF2787565200F08363 /* Main.storyboard */ = {
			isa = PBXVariantGroup;
			children = (
				5306B9F02787565200F08363 /* Base */,
			);
			name = Main.storyboard;
			sourceTree = "<group>";
		};
		5306B9F42787565400F08363 /* LaunchScreen.storyboard */ = {
			isa = PBXVariantGroup;
			children = (
				5306B9F52787565400F08363 /* Base */,
			);
			name = LaunchScreen.storyboard;
			sourceTree = "<group>";
		};
/* End PBXVariantGroup section */

/* Begin XCBuildConfiguration section */
		5306B9F82787565400F08363 /* Debug */ = {
			isa = XCBuildConfiguration;
			buildSettings = {
				ALWAYS_SEARCH_USER_PATHS = NO;
				CLANG_ANALYZER_NONNULL = YES;
				CLANG_ANALYZER_NUMBER_OBJECT_CONVERSION = YES_AGGRESSIVE;
				CLANG_CXX_LANGUAGE_STANDARD = "gnu++17";
				CLANG_CXX_LIBRARY = "libc++";
				CLANG_ENABLE_MODULES = YES;
				CLANG_ENABLE_OBJC_ARC = YES;
				CLANG_ENABLE_OBJC_WEAK = YES;
				CLANG_WARN_BLOCK_CAPTURE_AUTORELEASING = YES;
				CLANG_WARN_BOOL_CONVERSION = YES;
				CLANG_WARN_COMMA = YES;
				CLANG_WARN_CONSTANT_CONVERSION = YES;
				CLANG_WARN_DEPRECATED_OBJC_IMPLEMENTATIONS = YES;
				CLANG_WARN_DIRECT_OBJC_ISA_USAGE = YES_ERROR;
				CLANG_WARN_DOCUMENTATION_COMMENTS = YES;
				CLANG_WARN_EMPTY_BODY = YES;
				CLANG_WARN_ENUM_CONVERSION = YES;
				CLANG_WARN_INFINITE_RECURSION = YES;
				CLANG_WARN_INT_CONVERSION = YES;
				CLANG_WARN_NON_LITERAL_NULL_CONVERSION = YES;
				CLANG_WARN_OBJC_IMPLICIT_RETAIN_SELF = YES;
				CLANG_WARN_OBJC_LITERAL_CONVERSION = YES;
				CLANG_WARN_OBJC_ROOT_CLASS = YES_ERROR;
				CLANG_WARN_QUOTED_INCLUDE_IN_FRAMEWORK_HEADER = YES;
				CLANG_WARN_RANGE_LOOP_ANALYSIS = YES;
				CLANG_WARN_STRICT_PROTOTYPES = YES;
				CLANG_WARN_SUSPICIOUS_MOVE = YES;
				CLANG_WARN_UNGUARDED_AVAILABILITY = YES_AGGRESSIVE;
				CLANG_WARN_UNREACHABLE_CODE = YES;
				CLANG_WARN__DUPLICATE_METHOD_MATCH = YES;
				COPY_PHASE_STRIP = NO;
				DEBUG_INFORMATION_FORMAT = dwarf;
				ENABLE_STRICT_OBJC_MSGSEND = YES;
				ENABLE_TESTABILITY = YES;
				GCC_C_LANGUAGE_STANDARD = gnu11;
				GCC_DYNAMIC_NO_PIC = NO;
				GCC_NO_COMMON_BLOCKS = YES;
				GCC_OPTIMIZATION_LEVEL = 0;
				GCC_PREPROCESSOR_DEFINITIONS = (
					"DEBUG=1",
					"$(inherited)",
				);
				GCC_WARN_64_TO_32_BIT_CONVERSION = YES;
				GCC_WARN_ABOUT_RETURN_TYPE = YES_ERROR;
				GCC_WARN_UNDECLARED_SELECTOR = YES;
				GCC_WARN_UNINITIALIZED_AUTOS = YES_AGGRESSIVE;
				GCC_WARN_UNUSED_FUNCTION = YES;
				GCC_WARN_UNUSED_VARIABLE = YES;
				IPHONEOS_DEPLOYMENT_TARGET = 15.0;
				MTL_ENABLE_DEBUG_INFO = INCLUDE_SOURCE;
				MTL_FAST_MATH = YES;
				ONLY_ACTIVE_ARCH = YES;
				SDKROOT = iphoneos;
				SWIFT_ACTIVE_COMPILATION_CONDITIONS = DEBUG;
				SWIFT_OPTIMIZATION_LEVEL = "-Onone";
			};
			name = Debug;
		};
		5306B9F92787565400F08363 /* Release */ = {
			isa = XCBuildConfiguration;
			buildSettings = {
				ALWAYS_SEARCH_USER_PATHS = NO;
				CLANG_ANALYZER_NONNULL = YES;
				CLANG_ANALYZER_NUMBER_OBJECT_CONVERSION = YES_AGGRESSIVE;
				CLANG_CXX_LANGUAGE_STANDARD = "gnu++17";
				CLANG_CXX_LIBRARY = "libc++";
				CLANG_ENABLE_MODULES = YES;
				CLANG_ENABLE_OBJC_ARC = YES;
				CLANG_ENABLE_OBJC_WEAK = YES;
				CLANG_WARN_BLOCK_CAPTURE_AUTORELEASING = YES;
				CLANG_WARN_BOOL_CONVERSION = YES;
				CLANG_WARN_COMMA = YES;
				CLANG_WARN_CONSTANT_CONVERSION = YES;
				CLANG_WARN_DEPRECATED_OBJC_IMPLEMENTATIONS = YES;
				CLANG_WARN_DIRECT_OBJC_ISA_USAGE = YES_ERROR;
				CLANG_WARN_DOCUMENTATION_COMMENTS = YES;
				CLANG_WARN_EMPTY_BODY = YES;
				CLANG_WARN_ENUM_CONVERSION = YES;
				CLANG_WARN_INFINITE_RECURSION = YES;
				CLANG_WARN_INT_CONVERSION = YES;
				CLANG_WARN_NON_LITERAL_NULL_CONVERSION = YES;
				CLANG_WARN_OBJC_IMPLICIT_RETAIN_SELF = YES;
				CLANG_WARN_OBJC_LITERAL_CONVERSION = YES;
				CLANG_WARN_OBJC_ROOT_CLASS = YES_ERROR;
				CLANG_WARN_QUOTED_INCLUDE_IN_FRAMEWORK_HEADER = YES;
				CLANG_WARN_RANGE_LOOP_ANALYSIS = YES;
				CLANG_WARN_STRICT_PROTOTYPES = YES;
				CLANG_WARN_SUSPICIOUS_MOVE = YES;
				CLANG_WARN_UNGUARDED_AVAILABILITY = YES_AGGRESSIVE;
				CLANG_WARN_UNREACHABLE_CODE = YES;
				CLANG_WARN__DUPLICATE_METHOD_MATCH = YES;
				COPY_PHASE_STRIP = NO;
				DEBUG_INFORMATION_FORMAT = "dwarf-with-dsym";
				ENABLE_NS_ASSERTIONS = NO;
				ENABLE_STRICT_OBJC_MSGSEND = YES;
				GCC_C_LANGUAGE_STANDARD = gnu11;
				GCC_NO_COMMON_BLOCKS = YES;
				GCC_WARN_64_TO_32_BIT_CONVERSION = YES;
				GCC_WARN_ABOUT_RETURN_TYPE = YES_ERROR;
				GCC_WARN_UNDECLARED_SELECTOR = YES;
				GCC_WARN_UNINITIALIZED_AUTOS = YES_AGGRESSIVE;
				GCC_WARN_UNUSED_FUNCTION = YES;
				GCC_WARN_UNUSED_VARIABLE = YES;
				IPHONEOS_DEPLOYMENT_TARGET = 15.0;
				MTL_ENABLE_DEBUG_INFO = NO;
				MTL_FAST_MATH = YES;
				SDKROOT = iphoneos;
				SWIFT_COMPILATION_MODE = wholemodule;
				SWIFT_OPTIMIZATION_LEVEL = "-O";
				VALIDATE_PRODUCT = YES;
			};
			name = Release;
		};
		5306B9FB2787565400F08363 /* Debug */ = {
			isa = XCBuildConfiguration;
			buildSettings = {
				ASSETCATALOG_COMPILER_APPICON_NAME = AppIcon;
				ASSETCATALOG_COMPILER_GLOBAL_ACCENT_COLOR_NAME = AccentColor;
				CODE_SIGN_STYLE = Automatic;
				CURRENT_PROJECT_VERSION = 1;
				DEVELOPMENT_TEAM = T7HHTKHFK5;
				GENERATE_INFOPLIST_FILE = YES;
				INFOPLIST_FILE = VenuesNearMe/Resources/Info.plist;
				INFOPLIST_KEY_UIApplicationSupportsIndirectInputEvents = YES;
				INFOPLIST_KEY_UILaunchStoryboardName = LaunchScreen;
				INFOPLIST_KEY_UIMainStoryboardFile = Main;
				INFOPLIST_KEY_UISupportedInterfaceOrientations_iPad = "UIInterfaceOrientationPortrait UIInterfaceOrientationPortraitUpsideDown UIInterfaceOrientationLandscapeLeft UIInterfaceOrientationLandscapeRight";
				INFOPLIST_KEY_UISupportedInterfaceOrientations_iPhone = "UIInterfaceOrientationPortrait UIInterfaceOrientationLandscapeLeft UIInterfaceOrientationLandscapeRight";
				LD_RUNPATH_SEARCH_PATHS = (
					"$(inherited)",
					"@executable_path/Frameworks",
				);
				MARKETING_VERSION = 1.0;
				PRODUCT_BUNDLE_IDENTIFIER = com.ayubi.VenuesNearMe;
				PRODUCT_NAME = "$(TARGET_NAME)";
				SWIFT_EMIT_LOC_STRINGS = YES;
				SWIFT_VERSION = 5.0;
				TARGETED_DEVICE_FAMILY = "1,2";
			};
			name = Debug;
		};
		5306B9FC2787565400F08363 /* Release */ = {
			isa = XCBuildConfiguration;
			buildSettings = {
				ASSETCATALOG_COMPILER_APPICON_NAME = AppIcon;
				ASSETCATALOG_COMPILER_GLOBAL_ACCENT_COLOR_NAME = AccentColor;
				CODE_SIGN_STYLE = Automatic;
				CURRENT_PROJECT_VERSION = 1;
				DEVELOPMENT_TEAM = T7HHTKHFK5;
				GENERATE_INFOPLIST_FILE = YES;
				INFOPLIST_FILE = VenuesNearMe/Resources/Info.plist;
				INFOPLIST_KEY_UIApplicationSupportsIndirectInputEvents = YES;
				INFOPLIST_KEY_UILaunchStoryboardName = LaunchScreen;
				INFOPLIST_KEY_UIMainStoryboardFile = Main;
				INFOPLIST_KEY_UISupportedInterfaceOrientations_iPad = "UIInterfaceOrientationPortrait UIInterfaceOrientationPortraitUpsideDown UIInterfaceOrientationLandscapeLeft UIInterfaceOrientationLandscapeRight";
				INFOPLIST_KEY_UISupportedInterfaceOrientations_iPhone = "UIInterfaceOrientationPortrait UIInterfaceOrientationLandscapeLeft UIInterfaceOrientationLandscapeRight";
				LD_RUNPATH_SEARCH_PATHS = (
					"$(inherited)",
					"@executable_path/Frameworks",
				);
				MARKETING_VERSION = 1.0;
				PRODUCT_BUNDLE_IDENTIFIER = com.ayubi.VenuesNearMe;
				PRODUCT_NAME = "$(TARGET_NAME)";
				SWIFT_EMIT_LOC_STRINGS = YES;
				SWIFT_VERSION = 5.0;
				TARGETED_DEVICE_FAMILY = "1,2";
			};
			name = Release;
		};
/* End XCBuildConfiguration section */

/* Begin XCConfigurationList section */
		5306B9E12787565200F08363 /* Build configuration list for PBXProject "VenuesNearMe" */ = {
			isa = XCConfigurationList;
			buildConfigurations = (
				5306B9F82787565400F08363 /* Debug */,
				5306B9F92787565400F08363 /* Release */,
			);
			defaultConfigurationIsVisible = 0;
			defaultConfigurationName = Release;
		};
		5306B9FA2787565400F08363 /* Build configuration list for PBXNativeTarget "VenuesNearMe" */ = {
			isa = XCConfigurationList;
			buildConfigurations = (
				5306B9FB2787565400F08363 /* Debug */,
				5306B9FC2787565400F08363 /* Release */,
			);
			defaultConfigurationIsVisible = 0;
			defaultConfigurationName = Release;
		};
/* End XCConfigurationList section */
	};
	rootObject = 5306B9DE2787565200F08363 /* Project object */;
}
